
Microsoft Visual Studio Solution File, Format Version 12.00
# Visual Studio Version 17
VisualStudioVersion = 17.11.35219.272
MinimumVisualStudioVersion = 10.0.40219.1
Project("{FAE04EC0-301F-11D3-BF4B-00C04F79EFBC}") = "Task25", "Task25\Task25.csproj", "{6C1FF20D-88D9-4F58-A748-276DC32FDC12}"
EndProject
Global
	GlobalSection(SolutionConfigurationPlatforms) = preSolution
		Debug|Any CPU = Debug|Any CPU
		Release|Any CPU = Release|Any CPU
	EndGlobalSection
	GlobalSection(ProjectConfigurationPlatforms) = postSolution
		{6C1FF20D-88D9-4F58-A748-276DC32FDC12}.Debug|Any CPU.ActiveCfg = Debug|Any CPU
		{6C1FF20D-88D9-4F58-A748-276DC32FDC12}.Debug|Any CPU.Build.0 = Debug|Any CPU
		{6C1FF20D-88D9-4F58-A748-276DC32FDC12}.Release|Any CPU.ActiveCfg = Release|Any CPU
		{6C1FF20D-88D9-4F58-A748-276DC32FDC12}.Release|Any CPU.Build.0 = Release|Any CPU
	EndGlobalSection
	GlobalSection(SolutionProperties) = preSolution
		HideSolutionNode = FALSE
	EndGlobalSection
	GlobalSection(ExtensibilityGlobals) = postSolution
		SolutionGuid = {2085FCCE-2006-4F69-81B4-333D7A8AB64E}
	EndGlobalSection
EndGlobal
