
Microsoft Visual Studio Solution File, Format Version 12.00
# Visual Studio Version 17
VisualStudioVersion = 17.11.35219.272
MinimumVisualStudioVersion = 10.0.40219.1
Project("{FAE04EC0-301F-11D3-BF4B-00C04F79EFBC}") = "Task14", "Task14\Task14.csproj", "{D1F888A1-CCD2-4B21-88CB-D3C5AA60A72E}"
EndProject
Global
	GlobalSection(SolutionConfigurationPlatforms) = preSolution
		Debug|Any CPU = Debug|Any CPU
		Release|Any CPU = Release|Any CPU
	EndGlobalSection
	GlobalSection(ProjectConfigurationPlatforms) = postSolution
		{D1F888A1-CCD2-4B21-88CB-D3C5AA60A72E}.Debug|Any CPU.ActiveCfg = Debug|Any CPU
		{D1F888A1-CCD2-4B21-88CB-D3C5AA60A72E}.Debug|Any CPU.Build.0 = Debug|Any CPU
		{D1F888A1-CCD2-4B21-88CB-D3C5AA60A72E}.Release|Any CPU.ActiveCfg = Release|Any CPU
		{D1F888A1-CCD2-4B21-88CB-D3C5AA60A72E}.Release|Any CPU.Build.0 = Release|Any CPU
	EndGlobalSection
	GlobalSection(SolutionProperties) = preSolution
		HideSolutionNode = FALSE
	EndGlobalSection
	GlobalSection(ExtensibilityGlobals) = postSolution
		SolutionGuid = {5B0FD065-881D-4DAB-B434-BDCB4A86C7F8}
	EndGlobalSection
EndGlobal
