
Microsoft Visual Studio Solution File, Format Version 12.00
# Visual Studio Version 17
VisualStudioVersion = 17.11.35219.272
MinimumVisualStudioVersion = 10.0.40219.1
Project("{FAE04EC0-301F-11D3-BF4B-00C04F79EFBC}") = "Task15", "Task15\Task15.csproj", "{43C09214-B1E9-4D43-9DE3-46B23F047279}"
EndProject
Global
	GlobalSection(SolutionConfigurationPlatforms) = preSolution
		Debug|Any CPU = Debug|Any CPU
		Release|Any CPU = Release|Any CPU
	EndGlobalSection
	GlobalSection(ProjectConfigurationPlatforms) = postSolution
		{43C09214-B1E9-4D43-9DE3-46B23F047279}.Debug|Any CPU.ActiveCfg = Debug|Any CPU
		{43C09214-B1E9-4D43-9DE3-46B23F047279}.Debug|Any CPU.Build.0 = Debug|Any CPU
		{43C09214-B1E9-4D43-9DE3-46B23F047279}.Release|Any CPU.ActiveCfg = Release|Any CPU
		{43C09214-B1E9-4D43-9DE3-46B23F047279}.Release|Any CPU.Build.0 = Release|Any CPU
	EndGlobalSection
	GlobalSection(SolutionProperties) = preSolution
		HideSolutionNode = FALSE
	EndGlobalSection
	GlobalSection(ExtensibilityGlobals) = postSolution
		SolutionGuid = {29CF44BA-C4D7-45FA-9DF5-440F09D748E6}
	EndGlobalSection
EndGlobal
