
Microsoft Visual Studio Solution File, Format Version 12.00
# Visual Studio Version 17
VisualStudioVersion = 17.11.35219.272
MinimumVisualStudioVersion = 10.0.40219.1
Project("{FAE04EC0-301F-11D3-BF4B-00C04F79EFBC}") = "Task12", "Task12\Task12.csproj", "{F2007B77-7EF5-45FB-B6CA-7B12CEA5FDEA}"
EndProject
Global
	GlobalSection(SolutionConfigurationPlatforms) = preSolution
		Debug|Any CPU = Debug|Any CPU
		Release|Any CPU = Release|Any CPU
	EndGlobalSection
	GlobalSection(ProjectConfigurationPlatforms) = postSolution
		{F2007B77-7EF5-45FB-B6CA-7B12CEA5FDEA}.Debug|Any CPU.ActiveCfg = Debug|Any CPU
		{F2007B77-7EF5-45FB-B6CA-7B12CEA5FDEA}.Debug|Any CPU.Build.0 = Debug|Any CPU
		{F2007B77-7EF5-45FB-B6CA-7B12CEA5FDEA}.Release|Any CPU.ActiveCfg = Release|Any CPU
		{F2007B77-7EF5-45FB-B6CA-7B12CEA5FDEA}.Release|Any CPU.Build.0 = Release|Any CPU
	EndGlobalSection
	GlobalSection(SolutionProperties) = preSolution
		HideSolutionNode = FALSE
	EndGlobalSection
	GlobalSection(ExtensibilityGlobals) = postSolution
		SolutionGuid = {7B932E7A-AF78-45C8-AC02-900C76350EF0}
	EndGlobalSection
EndGlobal
